
Microsoft Visual Studio Solution File, Format Version 12.00
# Visual Studio Version 16
VisualStudioVersion = 16.0.31402.337
MinimumVisualStudioVersion = 10.0.40219.1
Project("{FAE04EC0-301F-11D3-BF4B-00C04F79EFBC}") = "SeventeenthApplication.ConsoleApp", "SeventeenthApplication.ConsoleApp\SeventeenthApplication.ConsoleApp.csproj", "{EFA72E14-8AD5-4D42-888E-33D58FF8534C}"
EndProject
Global
	GlobalSection(SolutionConfigurationPlatforms) = preSolution
		Debug|Any CPU = Debug|Any CPU
		Release|Any CPU = Release|Any CPU
	EndGlobalSection
	GlobalSection(ProjectConfigurationPlatforms) = postSolution
		{EFA72E14-8AD5-4D42-888E-33D58FF8534C}.Debug|Any CPU.ActiveCfg = Debug|Any CPU
		{EFA72E14-8AD5-4D42-888E-33D58FF8534C}.Debug|Any CPU.Build.0 = Debug|Any CPU
		{EFA72E14-8AD5-4D42-888E-33D58FF8534C}.Release|Any CPU.ActiveCfg = Release|Any CPU
		{EFA72E14-8AD5-4D42-888E-33D58FF8534C}.Release|Any CPU.Build.0 = Release|Any CPU
	EndGlobalSection
	GlobalSection(SolutionProperties) = preSolution
		HideSolutionNode = FALSE
	EndGlobalSection
	GlobalSection(ExtensibilityGlobals) = postSolution
		SolutionGuid = {591256FC-7E00-4D97-ABA9-CADA92F04B38}
	EndGlobalSection
EndGlobal
